
Microsoft Visual Studio Solution File, Format Version 12.00
# Visual Studio Version 17
VisualStudioVersion = 17.6.33829.357
MinimumVisualStudioVersion = 10.0.40219.1
Project("{FAE04EC0-301F-11D3-BF4B-00C04F79EFBC}") = "VOD.Admin.UI", "VOD.Admin.UI\VOD.Admin.UI.csproj", "{51C989FD-05F2-492E-B3BA-456DD9FBA575}"
EndProject
Global
	GlobalSection(SolutionConfigurationPlatforms) = preSolution
		Debug|Any CPU = Debug|Any CPU
		Release|Any CPU = Release|Any CPU
	EndGlobalSection
	GlobalSection(ProjectConfigurationPlatforms) = postSolution
		{51C989FD-05F2-492E-B3BA-456DD9FBA575}.Debug|Any CPU.ActiveCfg = Debug|Any CPU
		{51C989FD-05F2-492E-B3BA-456DD9FBA575}.Debug|Any CPU.Build.0 = Debug|Any CPU
		{51C989FD-05F2-492E-B3BA-456DD9FBA575}.Release|Any CPU.ActiveCfg = Release|Any CPU
		{51C989FD-05F2-492E-B3BA-456DD9FBA575}.Release|Any CPU.Build.0 = Release|Any CPU
	EndGlobalSection
	GlobalSection(SolutionProperties) = preSolution
		HideSolutionNode = FALSE
	EndGlobalSection
	GlobalSection(ExtensibilityGlobals) = postSolution
		SolutionGuid = {36E3FDCF-D954-41BB-B580-5FE19249AD80}
	EndGlobalSection
EndGlobal
